
Microsoft Visual Studio Solution File, Format Version 12.00
# Visual Studio 15
VisualStudioVersion = 15.0.28306.52
MinimumVisualStudioVersion = 10.0.40219.1
Project("{9A19103F-16F7-4668-BE54-9A1E7A4F7556}") = "Habble", "Habble\Habble.csproj", "{6FAAE987-D6B3-472D-8261-CD04E1CBD141}"
EndProject
Project("{9A19103F-16F7-4668-BE54-9A1E7A4F7556}") = "Flazzy", "Submodules\Flazzy\Flazzy\Flazzy.csproj", "{823CE865-964F-4A28-AF22-DE804DB80159}"
EndProject
Project("{9A19103F-16F7-4668-BE54-9A1E7A4F7556}") = "Sulakore", "Submodules\Sulakore\Sulakore\Sulakore.csproj", "{BE6D1D4F-1B26-49F8-8F7E-01F60A1CF6CB}"
EndProject
Global
	GlobalSection(SolutionConfigurationPlatforms) = preSolution
		Debug|Any CPU = Debug|Any CPU
		Release|Any CPU = Release|Any CPU
	EndGlobalSection
	GlobalSection(ProjectConfigurationPlatforms) = postSolution
		{6FAAE987-D6B3-472D-8261-CD04E1CBD141}.Debug|Any CPU.ActiveCfg = Debug|Any CPU
		{6FAAE987-D6B3-472D-8261-CD04E1CBD141}.Debug|Any CPU.Build.0 = Debug|Any CPU
		{6FAAE987-D6B3-472D-8261-CD04E1CBD141}.Release|Any CPU.ActiveCfg = Release|Any CPU
		{6FAAE987-D6B3-472D-8261-CD04E1CBD141}.Release|Any CPU.Build.0 = Release|Any CPU
		{823CE865-964F-4A28-AF22-DE804DB80159}.Debug|Any CPU.ActiveCfg = Debug|Any CPU
		{823CE865-964F-4A28-AF22-DE804DB80159}.Debug|Any CPU.Build.0 = Debug|Any CPU
		{823CE865-964F-4A28-AF22-DE804DB80159}.Release|Any CPU.ActiveCfg = Release|Any CPU
		{823CE865-964F-4A28-AF22-DE804DB80159}.Release|Any CPU.Build.0 = Release|Any CPU
		{BE6D1D4F-1B26-49F8-8F7E-01F60A1CF6CB}.Debug|Any CPU.ActiveCfg = Debug|Any CPU
		{BE6D1D4F-1B26-49F8-8F7E-01F60A1CF6CB}.Debug|Any CPU.Build.0 = Debug|Any CPU
		{BE6D1D4F-1B26-49F8-8F7E-01F60A1CF6CB}.Release|Any CPU.ActiveCfg = Release|Any CPU
		{BE6D1D4F-1B26-49F8-8F7E-01F60A1CF6CB}.Release|Any CPU.Build.0 = Release|Any CPU
	EndGlobalSection
	GlobalSection(SolutionProperties) = preSolution
		HideSolutionNode = FALSE
	EndGlobalSection
	GlobalSection(ExtensibilityGlobals) = postSolution
		SolutionGuid = {4EB3B9BE-8B91-4B60-8908-9091A90DE110}
	EndGlobalSection
EndGlobal
